
Microsoft Visual Studio Solution File, Format Version 12.00
# Visual Studio Version 16
VisualStudioVersion = 16.0.32126.315
MinimumVisualStudioVersion = 10.0.40219.1
Project("{FAE04EC0-301F-11D3-BF4B-00C04F79EFBC}") = "EasyMoney", "EasyMoney\EasyMoney.csproj", "{D09917E4-0521-434B-99FE-4CA2A53003AE}"
EndProject
Global
	GlobalSection(SolutionConfigurationPlatforms) = preSolution
		Debug|Any CPU = Debug|Any CPU
		Release|Any CPU = Release|Any CPU
	EndGlobalSection
	GlobalSection(ProjectConfigurationPlatforms) = postSolution
		{D09917E4-0521-434B-99FE-4CA2A53003AE}.Debug|Any CPU.ActiveCfg = Debug|Any CPU
		{D09917E4-0521-434B-99FE-4CA2A53003AE}.Debug|Any CPU.Build.0 = Debug|Any CPU
		{D09917E4-0521-434B-99FE-4CA2A53003AE}.Release|Any CPU.ActiveCfg = Release|Any CPU
		{D09917E4-0521-434B-99FE-4CA2A53003AE}.Release|Any CPU.Build.0 = Release|Any CPU
	EndGlobalSection
	GlobalSection(SolutionProperties) = preSolution
		HideSolutionNode = FALSE
	EndGlobalSection
	GlobalSection(ExtensibilityGlobals) = postSolution
		SolutionGuid = {8E6D2294-F7B2-45EB-9B46-25FA609D8C71}
	EndGlobalSection
EndGlobal
